lockVersion: 2.0.0
id: eacc404c-9278-4ac6-8b75-acfcc22e0952
management:
  docChecksum: 21c25ca8a734b4fb704e98d966524ee0
  docVersion: 1.0.0
  speakeasyVersion: internal
  generationVersion: 2.237.2
  releaseVersion: 0.4.0
  configChecksum: 07b2ec5d84193b86e26b547aa0269e39
  repoURL: https://github.com/speakeasy-sdks/test-py.git
  repoSubDirectory: .
  installationURL: https://github.com/speakeasy-sdks/test-py
features:
  php:
    core: 3.3.0
    globalServerURLs: 2.82.1
generatedFiles:
  - src/SDKConfiguration.php
  - src/Pets.php
  - src/A.php
  - src/ABuilder.php
  - composer.json
  - phpstan.neon
  - src/Utils/EnumHandler.php
  - src/Utils/FormMetadata.php
  - src/Utils/Headers.php
  - src/Utils/JSON.php
  - src/Utils/MixedJSONHandler.php
  - src/Utils/MultipartMetadata.php
  - src/Utils/ParamsMetadata.php
  - src/Utils/PathParameters.php
  - src/Utils/QueryParameters.php
  - src/Utils/RequestBodies.php
  - src/Utils/RequestMetadata.php
  - src/Utils/Security.php
  - src/Utils/SecurityClient.php
  - src/Utils/SecurityMetadata.php
  - src/Utils/SpeakeasyMetadata.php
  - src/Utils/Utils.php
  - src/Models/Operations/CreatePetsResponse.php
  - src/Models/Operations/ListPetsRequest.php
  - src/Models/Operations/ListPetsResponse.php
  - src/Models/Operations/ShowPetByIdRequest.php
  - src/Models/Operations/ShowPetByIdResponse.php
  - src/Models/Shared/Error.php
  - src/Models/Shared/Pet.php
  - docs/Models/Operations/CreatePetsResponse.md
  - docs/Models/Operations/ListPetsRequest.md
  - docs/Models/Operations/ListPetsResponse.md
  - docs/Models/Operations/ShowPetByIdRequest.md
  - docs/Models/Operations/ShowPetByIdResponse.md
  - docs/Models/Shared/Error.md
  - docs/Models/Shared/Pet.md
  - docs/sdks/a/README.md
  - docs/sdks/pets/README.md
  - USAGE.md
  - .gitattributes
